
Microsoft Visual Studio Solution File, Format Version 12.00
# Visual Studio Version 17
VisualStudioVersion = 17.11.35303.130
MinimumVisualStudioVersion = 10.0.40219.1
Project("{FAE04EC0-301F-11D3-BF4B-00C04F79EFBC}") = "isp223k - dvd", "isp223k - dvd\isp223k - dvd.csproj", "{6956A05D-B250-45FC-B0D4-91A631F0DAFE}"
EndProject
Global
	GlobalSection(SolutionConfigurationPlatforms) = preSolution
		Debug|Any CPU = Debug|Any CPU
		Release|Any CPU = Release|Any CPU
	EndGlobalSection
	GlobalSection(ProjectConfigurationPlatforms) = postSolution
		{6956A05D-B250-45FC-B0D4-91A631F0DAFE}.Debug|Any CPU.ActiveCfg = Debug|Any CPU
		{6956A05D-B250-45FC-B0D4-91A631F0DAFE}.Debug|Any CPU.Build.0 = Debug|Any CPU
		{6956A05D-B250-45FC-B0D4-91A631F0DAFE}.Release|Any CPU.ActiveCfg = Release|Any CPU
		{6956A05D-B250-45FC-B0D4-91A631F0DAFE}.Release|Any CPU.Build.0 = Release|Any CPU
	EndGlobalSection
	GlobalSection(SolutionProperties) = preSolution
		HideSolutionNode = FALSE
	EndGlobalSection
	GlobalSection(ExtensibilityGlobals) = postSolution
		SolutionGuid = {24565A51-3A09-4C2F-A6A3-109129B39F06}
	EndGlobalSection
EndGlobal
